{
  "name": "ex-information",
  "version": "1.0.0",
  "lockfileVersion": 1,
  "requires": true,
  "dependencies": {
    "rollup-plugin-virtual": {
      "version": "1.0.1",
      "resolved": "https://registry.npmjs.org/rollup-plugin-virtual/-/rollup-plugin-virtual-1.0.1.tgz",
      "integrity": "sha512-HCTBpV8MwP5lNzZrHD2moVxHIToHU1EkzkKGVj6Z0DcgUfxrxrZmeQirQeLz2yhnkJqRjwiVywK9CS8jDYakrw=="
    }
  }
}
